
Microsoft Visual Studio Solution File, Format Version 12.00
# Visual Studio Version 17
VisualStudioVersion = 17.2.32602.215
MinimumVisualStudioVersion = 10.0.40219.1
Project("{FAE04EC0-301F-11D3-BF4B-00C04F79EFBC}") = "Viagogo", "Viagogo\Viagogo.csproj", "{CA1FF707-78FF-474B-A23B-DE39DF8211E7}"
EndProject
Global
	GlobalSection(SolutionConfigurationPlatforms) = preSolution
		Debug|Any CPU = Debug|Any CPU
		Release|Any CPU = Release|Any CPU
	EndGlobalSection
	GlobalSection(ProjectConfigurationPlatforms) = postSolution
		{CA1FF707-78FF-474B-A23B-DE39DF8211E7}.Debug|Any CPU.ActiveCfg = Debug|Any CPU
		{CA1FF707-78FF-474B-A23B-DE39DF8211E7}.Debug|Any CPU.Build.0 = Debug|Any CPU
		{CA1FF707-78FF-474B-A23B-DE39DF8211E7}.Release|Any CPU.ActiveCfg = Release|Any CPU
		{CA1FF707-78FF-474B-A23B-DE39DF8211E7}.Release|Any CPU.Build.0 = Release|Any CPU
	EndGlobalSection
	GlobalSection(SolutionProperties) = preSolution
		HideSolutionNode = FALSE
	EndGlobalSection
	GlobalSection(ExtensibilityGlobals) = postSolution
		SolutionGuid = {6DA7DC36-6862-49C3-A3D9-9803F49232D1}
	EndGlobalSection
EndGlobal
